
Microsoft Visual Studio Solution File, Format Version 12.00
# Visual Studio Version 16
VisualStudioVersion = 16.0.31105.61
MinimumVisualStudioVersion = 10.0.40219.1
Project("{FAE04EC0-301F-11D3-BF4B-00C04F79EFBC}") = "TransparentRhinoObject", "TransparentRhinoObject.csproj", "{AD2684A0-F0DD-42D2-86AE-AE9E89DE286E}"
EndProject
Global
	GlobalSection(SolutionConfigurationPlatforms) = preSolution
		Debug|Any CPU = Debug|Any CPU
		Release|Any CPU = Release|Any CPU
	EndGlobalSection
	GlobalSection(ProjectConfigurationPlatforms) = postSolution
		{AD2684A0-F0DD-42D2-86AE-AE9E89DE286E}.Debug|Any CPU.ActiveCfg = Debug|Any CPU
		{AD2684A0-F0DD-42D2-86AE-AE9E89DE286E}.Debug|Any CPU.Build.0 = Debug|Any CPU
		{AD2684A0-F0DD-42D2-86AE-AE9E89DE286E}.Release|Any CPU.ActiveCfg = Release|Any CPU
		{AD2684A0-F0DD-42D2-86AE-AE9E89DE286E}.Release|Any CPU.Build.0 = Release|Any CPU
	EndGlobalSection
	GlobalSection(SolutionProperties) = preSolution
		HideSolutionNode = FALSE
	EndGlobalSection
	GlobalSection(ExtensibilityGlobals) = postSolution
		SolutionGuid = {9B19E6F4-D391-4143-8288-36E2F9763A53}
	EndGlobalSection
EndGlobal
